// !$*UTF8*$!
{
	archiveVersion = 1;
	classes = {
	};
	objectVersion = 48;
	objects = {

/* Begin PBXBuildFile section */
		C2CF6573202A8588008C12CE /* AppDelegate.swift in Sources */ = {isa = PBXBuildFile; fileRef = C2CF6572202A8588008C12CE /* AppDelegate.swift */; };
		C2CF6575202A8588008C12CE /* ViewController.swift in Sources */ = {isa = PBXBuildFile; fileRef = C2CF6574202A8588008C12CE /* ViewController.swift */; };
		C2CF6578202A8588008C12CE /* Main.storyboard in Resources */ = {isa = PBXBuildFile; fileRef = C2CF6576202A8588008C12CE /* Main.storyboard */; };
		C2CF657A202A8588008C12CE /* Assets.xcassets in Resources */ = {isa = PBXBuildFile; fileRef = C2CF6579202A8588008C12CE /* Assets.xcassets */; };
		C2CF657D202A8588008C12CE /* LaunchScreen.storyboard in Resources */ = {isa = PBXBuildFile; fileRef = C2CF657B202A8588008C12CE /* LaunchScreen.storyboard */; };
		C2CF6588202A8589008C12CE /* iKidTests.swift in Sources */ = {isa = PBXBuildFile; fileRef = C2CF6587202A8589008C12CE /* iKidTests.swift */; };
		C2CF6593202A8589008C12CE /* iKidUITests.swift in Sources */ = {isa = PBXBuildFile; fileRef = C2CF6592202A8589008C12CE /* iKidUITests.swift */; };
/* End PBXBuildFile section */

/* Begin PBXContainerItemProxy section */
		C2CF6584202A8588008C12CE /* PBXContainerItemProxy */ = {
			isa = PBXContainerItemProxy;
			containerPortal = C2CF6567202A8588008C12CE /* Project object */;
			proxyType = 1;
			remoteGlobalIDString = C2CF656E202A8588008C12CE;
			remoteInfo = iKid;
		};
		C2CF658F202A8589008C12CE /* PBXContainerItemProxy */ = {
			isa = PBXContainerItemProxy;
			containerPortal = C2CF6567202A8588008C12CE /* Project object */;
			proxyType = 1;
			remoteGlobalIDString = C2CF656E202A8588008C12CE;
			remoteInfo = iKid;
		};
/* End PBXContainerItemProxy section */

/* Begin PBXFileReference section */
		C2CF656F202A8588008C12CE /* iKid.app */ = {isa = PBXFileReference; explicitFileType = wrapper.application; includeInIndex = 0; path = iKid.app; sourceTree = BUILT_PRODUCTS_DIR; };
		C2CF6572202A8588008C12CE /* AppDelegate.swift */ = {isa = PBXFileReference; lastKnownFileType = sourcecode.swift; path = AppDelegate.swift; sourceTree = "<group>"; };
		C2CF6574202A8588008C12CE /* ViewController.swift */ = {isa = PBXFileReference; lastKnownFileType = sourcecode.swift; path = ViewController.swift; sourceTree = "<group>"; };
		C2CF6577202A8588008C12CE /* Base */ = {isa = PBXFileReference; lastKnownFileType = file.storyboard; name = Base; path = Base.lproj/Main.storyboard; sourceTree = "<group>"; };
		C2CF6579202A8588008C12CE /* Assets.xcassets */ = {isa = PBXFileReference; lastKnownFileType = folder.assetcatalog; path = Assets.xcassets; sourceTree = "<group>"; };
		C2CF657C202A8588008C12CE /* Base */ = {isa = PBXFileReference; lastKnownFileType = file.storyboard; name = Base; path = Base.lproj/LaunchScreen.storyboard; sourceTree = "<group>"; };
		C2CF657E202A8588008C12CE /* Info.plist */ = {isa = PBXFileReference; lastKnownFileType = text.plist.xml; path = Info.plist; sourceTree = "<group>"; };
		C2CF6583202A8588008C12CE /* iKidTests.xctest */ = {isa = PBXFileReference; explicitFileType = wrapper.cfbundle; includeInIndex = 0; path = iKidTests.xctest; sourceTree = BUILT_PRODUCTS_DIR; };
		C2CF6587202A8589008C12CE /* iKidTests.swift */ = {isa = PBXFileReference; lastKnownFileType = sourcecode.swift; path = iKidTests.swift; sourceTree = "<group>"; };
		C2CF6589202A8589008C12CE /* Info.plist */ = {isa = PBXFileReference; lastKnownFileType = text.plist.xml; path = Info.plist; sourceTree = "<group>"; };
		C2CF658E202A8589008C12CE /* iKidUITests.xctest */ = {isa = PBXFileReference; explicitFileType = wrapper.cfbundle; includeInIndex = 0; path = iKidUITests.xctest; sourceTree = BUILT_PRODUCTS_DIR; };
		C2CF6592202A8589008C12CE /* iKidUITests.swift */ = {isa = PBXFileReference; lastKnownFileType = sourcecode.swift; path = iKidUITests.swift; sourceTree = "<group>"; };
		C2CF6594202A8589008C12CE /* Info.plist */ = {isa = PBXFileReference; lastKnownFileType = text.plist.xml; path = Info.plist; sourceTree = "<group>"; };
/* End PBXFileReference section */

/* Begin PBXFrameworksBuildPhase section */
		C2CF656C202A8588008C12CE /* Frameworks */ = {
			isa = PBXFrameworksBuildPhase;
			buildActionMask = 2147483647;
			files = (
			);
			runOnlyForDeploymentPostprocessing = 0;
		};
		C2CF6580202A8588008C12CE /* Frameworks */ = {
			isa = PBXFrameworksBuildPhase;
			buildActionMask = 2147483647;
			files = (
			);
			runOnlyForDeploymentPostprocessing = 0;
		};
		C2CF658B202A8589008C12CE /* Frameworks */ = {
			isa = PBXFrameworksBuildPhase;
			buildActionMask = 2147483647;
			files = (
			);
			runOnlyForDeploymentPostprocessing = 0;
		};
/* End PBXFrameworksBuildPhase section */

/* Begin PBXGroup section */
		C2CF6566202A8588008C12CE = {
			isa = PBXGroup;
			children = (
				C2CF6571202A8588008C12CE /* iKid */,
				C2CF6586202A8589008C12CE /* iKidTests */,
				C2CF6591202A8589008C12CE /* iKidUITests */,
				C2CF6570202A8588008C12CE /* Products */,
			);
			sourceTree = "<group>";
		};
		C2CF6570202A8588008C12CE /* Products */ = {
			isa = PBXGroup;
			children = (
				C2CF656F202A8588008C12CE /* iKid.app */,
				C2CF6583202A8588008C12CE /* iKidTests.xctest */,
				C2CF658E202A8589008C12CE /* iKidUITests.xctest */,
			);
			name = Products;
			sourceTree = "<group>";
		};
		C2CF6571202A8588008C12CE /* iKid */ = {
			isa = PBXGroup;
			children = (
				C2CF6572202A8588008C12CE /* AppDelegate.swift */,
				C2CF6574202A8588008C12CE /* ViewController.swift */,
				C2CF6576202A8588008C12CE /* Main.storyboard */,
				C2CF6579202A8588008C12CE /* Assets.xcassets */,
				C2CF657B202A8588008C12CE /* LaunchScreen.storyboard */,
				C2CF657E202A8588008C12CE /* Info.plist */,
			);
			path = iKid;
			sourceTree = "<group>";
		};
		C2CF6586202A8589008C12CE /* iKidTests */ = {
			isa = PBXGroup;
			children = (
				C2CF6587202A8589008C12CE /* iKidTests.swift */,
				C2CF6589202A8589008C12CE /* Info.plist */,
			);
			path = iKidTests;
			sourceTree = "<group>";
		};
		C2CF6591202A8589008C12CE /* iKidUITests */ = {
			isa = PBXGroup;
			children = (
				C2CF6592202A8589008C12CE /* iKidUITests.swift */,
				C2CF6594202A8589008C12CE /* Info.plist */,
			);
			path = iKidUITests;
			sourceTree = "<group>";
		};
/* End PBXGroup section */

/* Begin PBXNativeTarget section */
		C2CF656E202A8588008C12CE /* iKid */ = {
			isa = PBXNativeTarget;
			buildConfigurationList = C2CF6597202A8589008C12CE /* Build configuration list for PBXNativeTarget "iKid" */;
			buildPhases = (
				C2CF656B202A8588008C12CE /* Sources */,
				C2CF656C202A8588008C12CE /* Frameworks */,
				C2CF656D202A8588008C12CE /* Resources */,
			);
			buildRules = (
			);
			dependencies = (
			);
			name = iKid;
			productName = iKid;
			productReference = C2CF656F202A8588008C12CE /* iKid.app */;
			productType = "com.apple.product-type.application";
		};
		C2CF6582202A8588008C12CE /* iKidTests */ = {
			isa = PBXNativeTarget;
			buildConfigurationList = C2CF659A202A8589008C12CE /* Build configuration list for PBXNativeTarget "iKidTests" */;
			buildPhases = (
				C2CF657F202A8588008C12CE /* Sources */,
				C2CF6580202A8588008C12CE /* Frameworks */,
				C2CF6581202A8588008C12CE /* Resources */,
			);
			buildRules = (
			);
			dependencies = (
				C2CF6585202A8588008C12CE /* PBXTargetDependency */,
			);
			name = iKidTests;
			productName = iKidTests;
			productReference = C2CF6583202A8588008C12CE /* iKidTests.xctest */;
			productType = "com.apple.product-type.bundle.unit-test";
		};
		C2CF658D202A8589008C12CE /* iKidUITests */ = {
			isa = PBXNativeTarget;
			buildConfigurationList = C2CF659D202A8589008C12CE /* Build configuration list for PBXNativeTarget "iKidUITests" */;
			buildPhases = (
				C2CF658A202A8589008C12CE /* Sources */,
				C2CF658B202A8589008C12CE /* Frameworks */,
				C2CF658C202A8589008C12CE /* Resources */,
			);
			buildRules = (
			);
			dependencies = (
				C2CF6590202A8589008C12CE /* PBXTargetDependency */,
			);
			name = iKidUITests;
			productName = iKidUITests;
			productReference = C2CF658E202A8589008C12CE /* iKidUITests.xctest */;
			productType = "com.apple.product-type.bundle.ui-testing";
		};
/* End PBXNativeTarget section */

/* Begin PBXProject section */
		C2CF6567202A8588008C12CE /* Project object */ = {
			isa = PBXProject;
			attributes = {
				LastSwiftUpdateCheck = 0920;
				LastUpgradeCheck = 0920;
				ORGANIZATIONNAME = "Yicheng Jiang";
				TargetAttributes = {
					C2CF656E202A8588008C12CE = {
						CreatedOnToolsVersion = 9.2;
						ProvisioningStyle = Automatic;
					};
					C2CF6582202A8588008C12CE = {
						CreatedOnToolsVersion = 9.2;
						ProvisioningStyle = Automatic;
						TestTargetID = C2CF656E202A8588008C12CE;
					};
					C2CF658D202A8589008C12CE = {
						CreatedOnToolsVersion = 9.2;
						ProvisioningStyle = Automatic;
						TestTargetID = C2CF656E202A8588008C12CE;
					};
				};
			};
			buildConfigurationList = C2CF656A202A8588008C12CE /* Build configuration list for PBXProject "iKid" */;
			compatibilityVersion = "Xcode 8.0";
			developmentRegion = en;
			hasScannedForEncodings = 0;
			knownRegions = (
				en,
				Base,
			);
			mainGroup = C2CF6566202A8588008C12CE;
			productRefGroup = C2CF6570202A8588008C12CE /* Products */;
			projectDirPath = "";
			projectRoot = "";
			targets = (
				C2CF656E202A8588008C12CE /* iKid */,
				C2CF6582202A8588008C12CE /* iKidTests */,
				C2CF658D202A8589008C12CE /* iKidUITests */,
			);
		};
/* End PBXProject section */

/* Begin PBXResourcesBuildPhase section */
		C2CF656D202A8588008C12CE /* Resources */ = {
			isa = PBXResourcesBuildPhase;
			buildActionMask = 2147483647;
			files = (
				C2CF657D202A8588008C12CE /* LaunchScreen.storyboard in Resources */,
				C2CF657A202A8588008C12CE /* Assets.xcassets in Resources */,
				C2CF6578202A8588008C12CE /* Main.storyboard in Resources */,
			);
			runOnlyForDeploymentPostprocessing = 0;
		};
		C2CF6581202A8588008C12CE /* Resources */ = {
			isa = PBXResourcesBuildPhase;
			buildActionMask = 2147483647;
			files = (
			);
			runOnlyForDeploymentPostprocessing = 0;
		};
		C2CF658C202A8589008C12CE /* Resources */ = {
			isa = PBXResourcesBuildPhase;
			buildActionMask = 2147483647;
			files = (
			);
			runOnlyForDeploymentPostprocessing = 0;
		};
/* End PBXResourcesBuildPhase section */

/* Begin PBXSourcesBuildPhase section */
		C2CF656B202A8588008C12CE /* Sources */ = {
			isa = PBXSourcesBuildPhase;
			buildActionMask = 2147483647;
			files = (
				C2CF6575202A8588008C12CE /* ViewController.swift in Sources */,
				C2CF6573202A8588008C12CE /* AppDelegate.swift in Sources */,
			);
			runOnlyForDeploymentPostprocessing = 0;
		};
		C2CF657F202A8588008C12CE /* Sources */ = {
			isa = PBXSourcesBuildPhase;
			buildActionMask = 2147483647;
			files = (
				C2CF6588202A8589008C12CE /* iKidTests.swift in Sources */,
			);
			runOnlyForDeploymentPostprocessing = 0;
		};
		C2CF658A202A8589008C12CE /* Sources */ = {
			isa = PBXSourcesBuildPhase;
			buildActionMask = 2147483647;
			files = (
				C2CF6593202A8589008C12CE /* iKidUITests.swift in Sources */,
			);
			runOnlyForDeploymentPostprocessing = 0;
		};
/* End PBXSourcesBuildPhase section */

/* Begin PBXTargetDependency section */
		C2CF6585202A8588008C12CE /* PBXTargetDependency */ = {
			isa = PBXTargetDependency;
			target = C2CF656E202A8588008C12CE /* iKid */;
			targetProxy = C2CF6584202A8588008C12CE /* PBXContainerItemProxy */;
		};
		C2CF6590202A8589008C12CE /* PBXTargetDependency */ = {
			isa = PBXTargetDependency;
			target = C2CF656E202A8588008C12CE /* iKid */;
			targetProxy = C2CF658F202A8589008C12CE /* PBXContainerItemProxy */;
		};
/* End PBXTargetDependency section */

/* Begin PBXVariantGroup section */
		C2CF6576202A8588008C12CE /* Main.storyboard */ = {
			isa = PBXVariantGroup;
			children = (
				C2CF6577202A8588008C12CE /* Base */,
			);
			name = Main.storyboard;
			sourceTree = "<group>";
		};
		C2CF657B202A8588008C12CE /* LaunchScreen.storyboard */ = {
			isa = PBXVariantGroup;
			children = (
				C2CF657C202A8588008C12CE /* Base */,
			);
			name = LaunchScreen.storyboard;
			sourceTree = "<group>";
		};
/* End PBXVariantGroup section */

/* Begin XCBuildConfiguration section */
		C2CF6595202A8589008C12CE /* Debug */ = {
			isa = XCBuildConfiguration;
			buildSettings = {
				ALWAYS_SEARCH_USER_PATHS = NO;
				CLANG_ANALYZER_NONNULL = YES;
				CLANG_ANALYZER_NUMBER_OBJECT_CONVERSION = YES_AGGRESSIVE;
				CLANG_CXX_LANGUAGE_STANDARD = "gnu++14";
				CLANG_CXX_LIBRARY = "libc++";
				CLANG_ENABLE_MODULES = YES;
				CLANG_ENABLE_OBJC_ARC = YES;
				CLANG_WARN_BLOCK_CAPTURE_AUTORELEASING = YES;
				CLANG_WARN_BOOL_CONVERSION = YES;
				CLANG_WARN_COMMA = YES;
				CLANG_WARN_CONSTANT_CONVERSION = YES;
				CLANG_WARN_DIRECT_OBJC_ISA_USAGE = YES_ERROR;
				CLANG_WARN_DOCUMENTATION_COMMENTS = YES;
				CLANG_WARN_EMPTY_BODY = YES;
				CLANG_WARN_ENUM_CONVERSION = YES;
				CLANG_WARN_INFINITE_RECURSION = YES;
				CLANG_WARN_INT_CONVERSION = YES;
				CLANG_WARN_NON_LITERAL_NULL_CONVERSION = YES;
				CLANG_WARN_OBJC_LITERAL_CONVERSION = YES;
				CLANG_WARN_OBJC_ROOT_CLASS = YES_ERROR;
				CLANG_WARN_RANGE_LOOP_ANALYSIS = YES;
				CLANG_WARN_STRICT_PROTOTYPES = YES;
				CLANG_WARN_SUSPICIOUS_MOVE = YES;
				CLANG_WARN_UNGUARDED_AVAILABILITY = YES_AGGRESSIVE;
				CLANG_WARN_UNREACHABLE_CODE = YES;
				CLANG_WARN__DUPLICATE_METHOD_MATCH = YES;
				CODE_SIGN_IDENTITY = "iPhone Developer";
				COPY_PHASE_STRIP = NO;
				DEBUG_INFORMATION_FORMAT = dwarf;
				ENABLE_STRICT_OBJC_MSGSEND = YES;
				ENABLE_TESTABILITY = YES;
				GCC_C_LANGUAGE_STANDARD = gnu11;
				GCC_DYNAMIC_NO_PIC = NO;
				GCC_NO_COMMON_BLOCKS = YES;
				GCC_OPTIMIZATION_LEVEL = 0;
				GCC_PREPROCESSOR_DEFINITIONS = (
					"DEBUG=1",
					"$(inherited)",
				);
				GCC_WARN_64_TO_32_BIT_CONVERSION = YES;
				GCC_WARN_ABOUT_RETURN_TYPE = YES_ERROR;
				GCC_WARN_UNDECLARED_SELECTOR = YES;
				GCC_WARN_UNINITIALIZED_AUTOS = YES_AGGRESSIVE;
				GCC_WARN_UNUSED_FUNCTION = YES;
				GCC_WARN_UNUSED_VARIABLE = YES;
				IPHONEOS_DEPLOYMENT_TARGET = 11.2;
				MTL_ENABLE_DEBUG_INFO = YES;
				ONLY_ACTIVE_ARCH = YES;
				SDKROOT = iphoneos;
				SWIFT_ACTIVE_COMPILATION_CONDITIONS = DEBUG;
				SWIFT_OPTIMIZATION_LEVEL = "-Onone";
			};
			name = Debug;
		};
		C2CF6596202A8589008C12CE /* Release */ = {
			isa = XCBuildConfiguration;
			buildSettings = {
				ALWAYS_SEARCH_USER_PATHS = NO;
				CLANG_ANALYZER_NONNULL = YES;
				CLANG_ANALYZER_NUMBER_OBJECT_CONVERSION = YES_AGGRESSIVE;
				CLANG_CXX_LANGUAGE_STANDARD = "gnu++14";
				CLANG_CXX_LIBRARY = "libc++";
				CLANG_ENABLE_MODULES = YES;
				CLANG_ENABLE_OBJC_ARC = YES;
				CLANG_WARN_BLOCK_CAPTURE_AUTORELEASING = YES;
				CLANG_WARN_BOOL_CONVERSION = YES;
				CLANG_WARN_COMMA = YES;
				CLANG_WARN_CONSTANT_CONVERSION = YES;
				CLANG_WARN_DIRECT_OBJC_ISA_USAGE = YES_ERROR;
				CLANG_WARN_DOCUMENTATION_COMMENTS = YES;
				CLANG_WARN_EMPTY_BODY = YES;
				CLANG_WARN_ENUM_CONVERSION = YES;
				CLANG_WARN_INFINITE_RECURSION = YES;
				CLANG_WARN_INT_CONVERSION = YES;
				CLANG_WARN_NON_LITERAL_NULL_CONVERSION = YES;
				CLANG_WARN_OBJC_LITERAL_CONVERSION = YES;
				CLANG_WARN_OBJC_ROOT_CLASS = YES_ERROR;
				CLANG_WARN_RANGE_LOOP_ANALYSIS = YES;
				CLANG_WARN_STRICT_PROTOTYPES = YES;
				CLANG_WARN_SUSPICIOUS_MOVE = YES;
				CLANG_WARN_UNGUARDED_AVAILABILITY = YES_AGGRESSIVE;
				CLANG_WARN_UNREACHABLE_CODE = YES;
				CLANG_WARN__DUPLICATE_METHOD_MATCH = YES;
				CODE_SIGN_IDENTITY = "iPhone Developer";
				COPY_PHASE_STRIP = NO;
				DEBUG_INFORMATION_FORMAT = "dwarf-with-dsym";
				ENABLE_NS_ASSERTIONS = NO;
				ENABLE_STRICT_OBJC_MSGSEND = YES;
				GCC_C_LANGUAGE_STANDARD = gnu11;
				GCC_NO_COMMON_BLOCKS = YES;
				GCC_WARN_64_TO_32_BIT_CONVERSION = YES;
				GCC_WARN_ABOUT_RETURN_TYPE = YES_ERROR;
				GCC_WARN_UNDECLARED_SELECTOR = YES;
				GCC_WARN_UNINITIALIZED_AUTOS = YES_AGGRESSIVE;
				GCC_WARN_UNUSED_FUNCTION = YES;
				GCC_WARN_UNUSED_VARIABLE = YES;
				IPHONEOS_DEPLOYMENT_TARGET = 11.2;
				MTL_ENABLE_DEBUG_INFO = NO;
				SDKROOT = iphoneos;
				SWIFT_OPTIMIZATION_LEVEL = "-Owholemodule";
				VALIDATE_PRODUCT = YES;
			};
			name = Release;
		};
		C2CF6598202A8589008C12CE /* Debug */ = {
			isa = XCBuildConfiguration;
			buildSettings = {
				ASSETCATALOG_COMPILER_APPICON_NAME = AppIcon;
				CODE_SIGN_STYLE = Automatic;
				DEVELOPMENT_TEAM = BGS268A55X;
				INFOPLIST_FILE = iKid/Info.plist;
				LD_RUNPATH_SEARCH_PATHS = "$(inherited) @executable_path/Frameworks";
				PRODUCT_BUNDLE_IDENTIFIER = estelleJYC.iKid.iKid;
				PRODUCT_NAME = "$(TARGET_NAME)";
				SWIFT_VERSION = 4.0;
				TARGETED_DEVICE_FAMILY = "1,2";
			};
			name = Debug;
		};
		C2CF6599202A8589008C12CE /* Release */ = {
			isa = XCBuildConfiguration;
			buildSettings = {
				ASSETCATALOG_COMPILER_APPICON_NAME = AppIcon;
				CODE_SIGN_STYLE = Automatic;
				DEVELOPMENT_TEAM = BGS268A55X;
				INFOPLIST_FILE = iKid/Info.plist;
				LD_RUNPATH_SEARCH_PATHS = "$(inherited) @executable_path/Frameworks";
				PRODUCT_BUNDLE_IDENTIFIER = estelleJYC.iKid.iKid;
				PRODUCT_NAME = "$(TARGET_NAME)";
				SWIFT_VERSION = 4.0;
				TARGETED_DEVICE_FAMILY = "1,2";
			};
			name = Release;
		};
		C2CF659B202A8589008C12CE /* Debug */ = {
			isa = XCBuildConfiguration;
			buildSettings = {
				ALWAYS_EMBED_SWIFT_STANDARD_LIBRARIES = YES;
				BUNDLE_LOADER = "$(TEST_HOST)";
				CODE_SIGN_STYLE = Automatic;
				DEVELOPMENT_TEAM = BGS268A55X;
				INFOPLIST_FILE = iKidTests/Info.plist;
				LD_RUNPATH_SEARCH_PATHS = "$(inherited) @executable_path/Frameworks @loader_path/Frameworks";
				PRODUCT_BUNDLE_IDENTIFIER = estelleJYC.iKid.iKidTests;
				PRODUCT_NAME = "$(TARGET_NAME)";
				SWIFT_VERSION = 4.0;
				TARGETED_DEVICE_FAMILY = "1,2";
				TEST_HOST = "$(BUILT_PRODUCTS_DIR)/iKid.app/iKid";
			};
			name = Debug;
		};
		C2CF659C202A8589008C12CE /* Release */ = {
			isa = XCBuildConfiguration;
			buildSettings = {
				ALWAYS_EMBED_SWIFT_STANDARD_LIBRARIES = YES;
				BUNDLE_LOADER = "$(TEST_HOST)";
				CODE_SIGN_STYLE = Automatic;
				DEVELOPMENT_TEAM = BGS268A55X;
				INFOPLIST_FILE = iKidTests/Info.plist;
				LD_RUNPATH_SEARCH_PATHS = "$(inherited) @executable_path/Frameworks @loader_path/Frameworks";
				PRODUCT_BUNDLE_IDENTIFIER = estelleJYC.iKid.iKidTests;
				PRODUCT_NAME = "$(TARGET_NAME)";
				SWIFT_VERSION = 4.0;
				TARGETED_DEVICE_FAMILY = "1,2";
				TEST_HOST = "$(BUILT_PRODUCTS_DIR)/iKid.app/iKid";
			};
			name = Release;
		};
		C2CF659E202A8589008C12CE /* Debug */ = {
			isa = XCBuildConfiguration;
			buildSettings = {
				ALWAYS_EMBED_SWIFT_STANDARD_LIBRARIES = YES;
				CODE_SIGN_STYLE = Automatic;
				DEVELOPMENT_TEAM = BGS268A55X;
				INFOPLIST_FILE = iKidUITests/Info.plist;
				LD_RUNPATH_SEARCH_PATHS = "$(inherited) @executable_path/Frameworks @loader_path/Frameworks";
				PRODUCT_BUNDLE_IDENTIFIER = estelleJYC.iKid.iKidUITests;
				PRODUCT_NAME = "$(TARGET_NAME)";
				SWIFT_VERSION = 4.0;
				TARGETED_DEVICE_FAMILY = "1,2";
				TEST_TARGET_NAME = iKid;
			};
			name = Debug;
		};
		C2CF659F202A8589008C12CE /* Release */ = {
			isa = XCBuildConfiguration;
			buildSettings = {
				ALWAYS_EMBED_SWIFT_STANDARD_LIBRARIES = YES;
				CODE_SIGN_STYLE = Automatic;
				DEVELOPMENT_TEAM = BGS268A55X;
				INFOPLIST_FILE = iKidUITests/Info.plist;
				LD_RUNPATH_SEARCH_PATHS = "$(inherited) @executable_path/Frameworks @loader_path/Frameworks";
				PRODUCT_BUNDLE_IDENTIFIER = estelleJYC.iKid.iKidUITests;
				PRODUCT_NAME = "$(TARGET_NAME)";
				SWIFT_VERSION = 4.0;
				TARGETED_DEVICE_FAMILY = "1,2";
				TEST_TARGET_NAME = iKid;
			};
			name = Release;
		};
/* End XCBuildConfiguration section */

/* Begin XCConfigurationList section */
		C2CF656A202A8588008C12CE /* Build configuration list for PBXProject "iKid" */ = {
			isa = XCConfigurationList;
			buildConfigurations = (
				C2CF6595202A8589008C12CE /* Debug */,
				C2CF6596202A8589008C12CE /* Release */,
			);
			defaultConfigurationIsVisible = 0;
			defaultConfigurationName = Release;
		};
		C2CF6597202A8589008C12CE /* Build configuration list for PBXNativeTarget "iKid" */ = {
			isa = XCConfigurationList;
			buildConfigurations = (
				C2CF6598202A8589008C12CE /* Debug */,
				C2CF6599202A8589008C12CE /* Release */,
			);
			defaultConfigurationIsVisible = 0;
			defaultConfigurationName = Release;
		};
		C2CF659A202A8589008C12CE /* Build configuration list for PBXNativeTarget "iKidTests" */ = {
			isa = XCConfigurationList;
			buildConfigurations = (
				C2CF659B202A8589008C12CE /* Debug */,
				C2CF659C202A8589008C12CE /* Release */,
			);
			defaultConfigurationIsVisible = 0;
			defaultConfigurationName = Release;
		};
		C2CF659D202A8589008C12CE /* Build configuration list for PBXNativeTarget "iKidUITests" */ = {
			isa = XCConfigurationList;
			buildConfigurations = (
				C2CF659E202A8589008C12CE /* Debug */,
				C2CF659F202A8589008C12CE /* Release */,
			);
			defaultConfigurationIsVisible = 0;
			defaultConfigurationName = Release;
		};
/* End XCConfigurationList section */
	};
	rootObject = C2CF6567202A8588008C12CE /* Project object */;
}
